
Microsoft Visual Studio Solution File, Format Version 12.00
# Visual Studio Version 17
VisualStudioVersion = 17.11.35327.3
MinimumVisualStudioVersion = 10.0.40219.1
Project("{FAE04EC0-301F-11D3-BF4B-00C04F79EFBC}") = "Barkod Oluşturucu", "Barkod Oluşturucu\Barkod Oluşturucu.csproj", "{4BCFFF9C-0601-4F6E-8B02-75CC801F81E8}"
EndProject
Global
	GlobalSection(SolutionConfigurationPlatforms) = preSolution
		Debug|Any CPU = Debug|Any CPU
		Release|Any CPU = Release|Any CPU
	EndGlobalSection
	GlobalSection(ProjectConfigurationPlatforms) = postSolution
		{4BCFFF9C-0601-4F6E-8B02-75CC801F81E8}.Debug|Any CPU.ActiveCfg = Debug|Any CPU
		{4BCFFF9C-0601-4F6E-8B02-75CC801F81E8}.Debug|Any CPU.Build.0 = Debug|Any CPU
		{4BCFFF9C-0601-4F6E-8B02-75CC801F81E8}.Release|Any CPU.ActiveCfg = Release|Any CPU
		{4BCFFF9C-0601-4F6E-8B02-75CC801F81E8}.Release|Any CPU.Build.0 = Release|Any CPU
	EndGlobalSection
	GlobalSection(SolutionProperties) = preSolution
		HideSolutionNode = FALSE
	EndGlobalSection
	GlobalSection(ExtensibilityGlobals) = postSolution
		SolutionGuid = {2A6304EB-4503-42BA-88D9-791D62206156}
	EndGlobalSection
EndGlobal
